
Microsoft Visual Studio Solution File, Format Version 12.00
# Visual Studio Version 16
VisualStudioVersion = 16.0.30128.74
MinimumVisualStudioVersion = 10.0.40219.1
Project("{FAE04EC0-301F-11D3-BF4B-00C04F79EFBC}") = "AFS", "AFS\AFS.csproj", "{4700262E-95D5-4450-A67C-1090768DD267}"
EndProject
Project("{FAE04EC0-301F-11D3-BF4B-00C04F79EFBC}") = "AFSTests", "AFSTests\AFSTests.csproj", "{655326B3-A870-4B51-8B37-1D0FD4B875C0}"
EndProject
Global
	GlobalSection(SolutionConfigurationPlatforms) = preSolution
		Debug|Any CPU = Debug|Any CPU
		Release|Any CPU = Release|Any CPU
	EndGlobalSection
	GlobalSection(ProjectConfigurationPlatforms) = postSolution
		{4700262E-95D5-4450-A67C-1090768DD267}.Debug|Any CPU.ActiveCfg = Debug|Any CPU
		{4700262E-95D5-4450-A67C-1090768DD267}.Debug|Any CPU.Build.0 = Debug|Any CPU
		{4700262E-95D5-4450-A67C-1090768DD267}.Release|Any CPU.ActiveCfg = Release|Any CPU
		{4700262E-95D5-4450-A67C-1090768DD267}.Release|Any CPU.Build.0 = Release|Any CPU
		{655326B3-A870-4B51-8B37-1D0FD4B875C0}.Debug|Any CPU.ActiveCfg = Debug|Any CPU
		{655326B3-A870-4B51-8B37-1D0FD4B875C0}.Debug|Any CPU.Build.0 = Debug|Any CPU
		{655326B3-A870-4B51-8B37-1D0FD4B875C0}.Release|Any CPU.ActiveCfg = Release|Any CPU
		{655326B3-A870-4B51-8B37-1D0FD4B875C0}.Release|Any CPU.Build.0 = Release|Any CPU
	EndGlobalSection
	GlobalSection(SolutionProperties) = preSolution
		HideSolutionNode = FALSE
	EndGlobalSection
	GlobalSection(ExtensibilityGlobals) = postSolution
		SolutionGuid = {D036F1DE-45A3-46C2-9CFC-D248A0339E26}
	EndGlobalSection
EndGlobal
